{
  "name": "React_Portfolio",
  "lockfileVersion": 3,
  "requires": true,
  "packages": {
    "": {
      "dependencies": {
        "framer-motion": "^11.9.0"
      }
    },
    "node_modules/framer-motion": {
      "version": "11.9.0",
      "resolved": "https://registry.npmjs.org/framer-motion/-/framer-motion-11.9.0.tgz",
      "integrity": "sha512-nCfGxvsQecVLjjYDu35G2F5ls+ArE3FBfhxV0RSiisMaUKqteq5DMBFNRKwMyVj+VqKTNhawt+BV480YCHKFlQ==",
      "license": "MIT",
      "dependencies": {
        "tslib": "^2.4.0"
      },
      "peerDependencies": {
        "@emotion/is-prop-valid": "*",
        "react": "^18.0.0",
        "react-dom": "^18.0.0"
      },
      "peerDependenciesMeta": {
        "@emotion/is-prop-valid": {
          "optional": true
        },
        "react": {
          "optional": true
        },
        "react-dom": {
          "optional": true
        }
      }
    },
    "node_modules/tslib": {
      "version": "2.7.0",
      "resolved": "https://registry.npmjs.org/tslib/-/tslib-2.7.0.tgz",
      "integrity": "sha512-gLXCKdN1/j47AiHiOkJN69hJmcbGTHI0ImLmbYLHykhgeN0jVGola9yVjFgzCUklsZQMW55o+dW7IXv3RCXDzA==",
      "license": "0BSD"
    }
  }
}
